{
  "nodes": {
    "agentic-nvim": {
      "flake": false,
      "locked": {
        "lastModified": 1787489109,
        "narHash": "sha256-gGesKupHCLVTQ27vj2OTllOPNG1hubZdUrYTqpofEVM=",
        "owner": "carlos-algms",
        "repo": "agentic.nvim",
        "rev": "81628c1dc07edadd1c2c3c27d8dbcb424da1dea0",
        "type": "github"
      },
      "original": {
        "owner": "carlos-algms",
        "repo": "agentic.nvim",
        "type": "github"
      }
    },
    "exrc-nvim": {
      "flake": false,
      "locked": {
        "lastModified": 1718698681,
        "narHash": "sha256-iF2fEIo7Pm3KtSwy7rhc//YXuqcD32BeP2h5ZYN8vKc=",
        "owner": "jedrzejboczar",
        "repo": "exrc.nvim",
        "rev": "4346164895f432f361e453d837b612e6c7cbe3e6",
        "type": "github"
      },
      "original": {
        "owner": "jedrzejboczar",
        "repo": "exrc.nvim",
        "type": "github"
      }
    },
    "flake-parts": {
      "inputs": {
        "nixpkgs-lib": "nixpkgs-lib"
      },
      "locked": {
        "lastModified": 1788450739,
        "narHash": "sha256-glZLQlzIn1fXH6PazR2iUmTo7kzzyYSshrWhLS9TqCU=",
        "owner": "hercules-ci",
        "repo": "flake-parts",
        "rev": "31729ca8cbdb4fa927b34e5f4353e6a83f39e993",
        "type": "github"
      },
      "original": {
        "owner": "hercules-ci",
        "repo": "flake-parts",
        "type": "github"
      }
    },
    "nixpkgs": {
      "locked": {
        "lastModified": 1789073787,
        "narHash": "sha256-xfX/toC2QV707s06GbP4II/TxYF0fNQj7s5/LClNDKc=",
        "owner": "nixos",
        "repo": "nixpkgs",
        "rev": "aff8a0b28396750446e5537a96461bc4facdb287",
        "type": "github"
      },
      "original": {
        "owner": "nixos",
        "ref": "nixpkgs-unstable",
        "repo": "nixpkgs",
        "type": "github"
      }
    },
    "nixpkgs-lib": {
      "locked": {
        "lastModified": 1788057806,
        "narHash": "sha256-DTQSMxzDWmT0zhguthvegnVkn7CFqGCv4IHCzk5ZUpM=",
        "owner": "nix-community",
        "repo": "nixpkgs.lib",
        "rev": "596e2e3940e09b2abbeb03f75fa1828c57fcd72c",
        "type": "github"
      },
      "original": {
        "owner": "nix-community",
        "repo": "nixpkgs.lib",
        "type": "github"
      }
    },
    "nixvim": {
      "inputs": {
        "flake-parts": [
          "flake-parts"
        ],
        "nixpkgs": [
          "nixpkgs"
        ],
        "systems": "systems"
      },
      "locked": {
        "lastModified": 1789067777,
        "narHash": "sha256-gN3OnYgJwCK0HX01dQGWusnirJuVHE9WigmSqOnyuCE=",
        "owner": "nix-community",
        "repo": "nixvim",
        "rev": "16baff93297c63b6d4c497f00ffcf0b844b06fc6",
        "type": "github"
      },
      "original": {
        "owner": "nix-community",
        "repo": "nixvim",
        "type": "github"
      }
    },
    "root": {
      "inputs": {
        "agentic-nvim": "agentic-nvim",
        "exrc-nvim": "exrc-nvim",
        "flake-parts": "flake-parts",
        "nixpkgs": "nixpkgs",
        "nixvim": "nixvim"
      }
    },
    "systems": {
      "flake": false,
      "locked": {
        "lastModified": 1774449309,
        "narHash": "sha256-brhZ8DmuGtzkCYHJg4HEd602amKm89Y9ytsFZ5uWD1w=",
        "owner": "nix-systems",
        "repo": "default",
        "rev": "c29398b59d2048c4ab79345812849c9bd15e9150",
        "type": "github"
      },
      "original": {
        "owner": "nix-systems",
        "ref": "future-26.11",
        "repo": "default",
        "type": "github"
      }
    }
  },
  "root": "root",
  "version": 7
}
